
Microsoft Visual Studio Solution File, Format Version 12.00
# Visual Studio Version 17
VisualStudioVersion = 17.5.002.0
MinimumVisualStudioVersion = 10.0.40219.1
Project("{9A19103F-16F7-4668-BE54-9A1E7A4F7556}") = "Src.Api.Test", "api-test\Src.Api.Test.csproj", "{9DAE7F5C-5209-400D-BD69-A279871B07A3}"
EndProject
Project("{9A19103F-16F7-4668-BE54-9A1E7A4F7556}") = "Src.Api", "api\Src.Api.csproj", "{DDE28FE1-25F0-4D60-AE79-66E3CB9B4041}"
EndProject
Global
	GlobalSection(SolutionConfigurationPlatforms) = preSolution
		Debug|Any CPU = Debug|Any CPU
		Release|Any CPU = Release|Any CPU
	EndGlobalSection
	GlobalSection(ProjectConfigurationPlatforms) = postSolution
		{9DAE7F5C-5209-400D-BD69-A279871B07A3}.Debug|Any CPU.ActiveCfg = Debug|Any CPU
		{9DAE7F5C-5209-400D-BD69-A279871B07A3}.Debug|Any CPU.Build.0 = Debug|Any CPU
		{9DAE7F5C-5209-400D-BD69-A279871B07A3}.Release|Any CPU.ActiveCfg = Release|Any CPU
		{9DAE7F5C-5209-400D-BD69-A279871B07A3}.Release|Any CPU.Build.0 = Release|Any CPU
		{DDE28FE1-25F0-4D60-AE79-66E3CB9B4041}.Debug|Any CPU.ActiveCfg = Debug|Any CPU
		{DDE28FE1-25F0-4D60-AE79-66E3CB9B4041}.Debug|Any CPU.Build.0 = Debug|Any CPU
		{DDE28FE1-25F0-4D60-AE79-66E3CB9B4041}.Release|Any CPU.ActiveCfg = Release|Any CPU
		{DDE28FE1-25F0-4D60-AE79-66E3CB9B4041}.Release|Any CPU.Build.0 = Release|Any CPU
	EndGlobalSection
	GlobalSection(SolutionProperties) = preSolution
		HideSolutionNode = FALSE
	EndGlobalSection
	GlobalSection(ExtensibilityGlobals) = postSolution
		SolutionGuid = {F7A8803A-09CA-41C9-B2EB-11988295DCFF}
	EndGlobalSection
EndGlobal
